
Microsoft Visual Studio Solution File, Format Version 12.00
# Visual Studio 15
Project("{FAE04EC0-301F-11D3-BF4B-00C04F79EFBC}") = "Assembly-CSharp", "Assembly-CSharp.csproj", "{16722E33-0B09-2314-0029-3DA653B7AC34}"
EndProject
Global
	GlobalSection(SolutionConfigurationPlatforms) = preSolution
		Debug|Any CPU = Debug|Any CPU
		Release|Any CPU = Release|Any CPU
	EndGlobalSection
	GlobalSection(ProjectConfigurationPlatforms) = postSolution
		{16722E33-0B09-2314-0029-3DA653B7AC34}.Debug|Any CPU.ActiveCfg = Debug|Any CPU
		{16722E33-0B09-2314-0029-3DA653B7AC34}.Debug|Any CPU.Build.0 = Debug|Any CPU
		{16722E33-0B09-2314-0029-3DA653B7AC34}.Release|Any CPU.ActiveCfg = Release|Any CPU
		{16722E33-0B09-2314-0029-3DA653B7AC34}.Release|Any CPU.Build.0 = Release|Any CPU
	EndGlobalSection
	GlobalSection(SolutionProperties) = preSolution
		HideSolutionNode = FALSE
	EndGlobalSection
EndGlobal
